{
  "name": "widget",
  "lockfileVersion": 2,
  "requires": true,
  "packages": {
    "": {
      "dependencies": {
        "@shoelace-style/shoelace": "^2.0.0-beta.73"
      }
    },
    "node_modules/@floating-ui/core": {
      "version": "0.5.1",
      "resolved": "https://registry.npmmirror.com/@floating-ui/core/-/core-0.5.1.tgz",
      "integrity": "sha512-LOFg65vdU4o4eZjVKNhu7VXbjdnY0amMw9sydLtKZiCNwj0eMD06rmktbWp9L/f6w6s9Qqe22lkks8PbwYwy4Q=="
    },
    "node_modules/@floating-ui/dom": {
      "version": "0.3.1",
      "resolved": "https://registry.npmmirror.com/@floating-ui/dom/-/dom-0.3.1.tgz",
      "integrity": "sha512-HJX/2xgGPt01YHQNAya2taqg5HDnY6ipF0B0Bk/Th2s4FD9R89Ecw3TEegLLO+VrQnPEGbuHOGJ6Fr3BPM0DYg==",
      "dependencies": {
        "@floating-ui/core": "^0.5.0"
      }
    },
    "node_modules/@lit-labs/react": {
      "version": "1.0.4",
      "resolved": "https://registry.npmmirror.com/@lit-labs/react/-/react-1.0.4.tgz",
      "integrity": "sha512-Sy4RCxTZpTE2TwByjVac6gC7jzr8bCQC6s9bJhhJDKos4ZlN2cqcuVz63n0mpSSr1zxFh+Z0o0VR223l36Y4Ag=="
    },
    "node_modules/@lit/reactive-element": {
      "version": "1.3.2",
      "resolved": "https://registry.npmmirror.com/@lit/reactive-element/-/reactive-element-1.3.2.tgz",
      "integrity": "sha512-A2e18XzPMrIh35nhIdE4uoqRzoIpEU5vZYuQN4S3Ee1zkGdYC27DP12pewbw/RLgPHzaE4kx/YqxMzebOpm0dA=="
    },
    "node_modules/@shoelace-style/animations": {
      "version": "1.1.0",
      "resolved": "https://registry.npmmirror.com/@shoelace-style/animations/-/animations-1.1.0.tgz",
      "integrity": "sha512-Be+cahtZyI2dPKRm8EZSx3YJQ+jLvEcn3xzRP7tM4tqBnvd/eW/64Xh0iOf0t2w5P8iJKfdBbpVNE9naCaOf2g=="
    },
    "node_modules/@shoelace-style/localize": {
      "version": "2.1.3",
      "resolved": "https://registry.npmmirror.com/@shoelace-style/localize/-/localize-2.1.3.tgz",
      "integrity": "sha512-AY3uF1Dzg3sBK4nKxvZ2KAjsdFxhLfHVWUpXXjIPaR+rPp8fxBWoNVvnLiROOV/cLg/zdLcU+Nn/xJdqcbEuDw=="
    },
    "node_modules/@shoelace-style/shoelace": {
      "version": "2.0.0-beta.73",
      "resolved": "https://registry.npmmirror.com/@shoelace-style/shoelace/-/shoelace-2.0.0-beta.73.tgz",
      "integrity": "sha512-sOKRy+uimJAQDc8DCA65YihGUSUf0YVUC80KbvEY8RZHtP4gPX/Bzw7v/RPEGNLlPEOXAcqMNlKoLFPTqDuKbg==",
      "dependencies": {
        "@floating-ui/dom": "^0.3.1",
        "@lit-labs/react": "^1.0.2",
        "@shoelace-style/animations": "^1.1.0",
        "@shoelace-style/localize": "^2.1.3",
        "color": "4.2",
        "lit": "^2.1.4",
        "qr-creator": "^1.0.0"
      },
      "engines": {
        "node": ">=14.17.0"
      }
    },
    "node_modules/@types/trusted-types": {
      "version": "2.0.2",
      "resolved": "https://registry.npmmirror.com/@types/trusted-types/-/trusted-types-2.0.2.tgz",
      "integrity": "sha512-F5DIZ36YVLE+PN+Zwws4kJogq47hNgX3Nx6WyDJ3kcplxyke3XIzB8uK5n/Lpm1HBsbGzd6nmGehL8cPekP+Tg=="
    },
    "node_modules/color": {
      "version": "4.2.3",
      "resolved": "https://registry.npmmirror.com/color/-/color-4.2.3.tgz",
      "integrity": "sha512-1rXeuUUiGGrykh+CeBdu5Ie7OJwinCgQY0bc7GCRxy5xVHy+moaqkpL/jqQq0MtQOeYcrqEz4abc5f0KtU7W4A==",
      "dependencies": {
        "color-convert": "^2.0.1",
        "color-string": "^1.9.0"
      },
      "engines": {
        "node": ">=12.5.0"
      }
    },
    "node_modules/color-convert": {
      "version": "2.0.1",
      "resolved": "https://registry.npmmirror.com/color-convert/-/color-convert-2.0.1.tgz",
      "integrity": "sha512-RRECPsj7iu/xb5oKYcsFHSppFNnsj/52OVTRKb4zP5onXwVF3zVmmToNcOfGC+CRDpfK/U584fMg38ZHCaElKQ==",
      "dependencies": {
        "color-name": "~1.1.4"
      },
      "engines": {
        "node": ">=7.0.0"
      }
    },
    "node_modules/color-name": {
      "version": "1.1.4",
      "resolved": "https://registry.npmmirror.com/color-name/-/color-name-1.1.4.tgz",
      "integrity": "sha512-dOy+3AuW3a2wNbZHIuMZpTcgjGuLU/uBL/ubcZF9OXbDo8ff4O8yVp5Bf0efS8uEoYo5q4Fx7dY9OgQGXgAsQA=="
    },
    "node_modules/color-string": {
      "version": "1.9.1",
      "resolved": "https://registry.npmmirror.com/color-string/-/color-string-1.9.1.tgz",
      "integrity": "sha512-shrVawQFojnZv6xM40anx4CkoDP+fZsw/ZerEMsW/pyzsRbElpsL/DBVW7q3ExxwusdNXI3lXpuhEZkzs8p5Eg==",
      "dependencies": {
        "color-name": "^1.0.0",
        "simple-swizzle": "^0.2.2"
      }
    },
    "node_modules/is-arrayish": {
      "version": "0.3.2",
      "resolved": "https://registry.npmmirror.com/is-arrayish/-/is-arrayish-0.3.2.tgz",
      "integrity": "sha512-eVRqCvVlZbuw3GrM63ovNSNAeA1K16kaR/LRY/92w0zxQ5/1YzwblUX652i4Xs9RwAGjW9d9y6X88t8OaAJfWQ=="
    },
    "node_modules/lit": {
      "version": "2.2.5",
      "resolved": "https://registry.npmmirror.com/lit/-/lit-2.2.5.tgz",
      "integrity": "sha512-Ln463c0xJZfzVxBcHddNvFQQ8Z22NK7KgNmrzwFF1iESHUud412RRExzepj18wpTbusgwoTnOYuoTpo9uyNBaQ==",
      "dependencies": {
        "@lit/reactive-element": "^1.3.0",
        "lit-element": "^3.2.0",
        "lit-html": "^2.2.0"
      }
    },
    "node_modules/lit-element": {
      "version": "3.2.0",
      "resolved": "https://registry.npmmirror.com/lit-element/-/lit-element-3.2.0.tgz",
      "integrity": "sha512-HbE7yt2SnUtg5DCrWt028oaU4D5F4k/1cntAFHTkzY8ZIa8N0Wmu92PxSxucsQSOXlODFrICkQ5x/tEshKi13g==",
      "dependencies": {
        "@lit/reactive-element": "^1.3.0",
        "lit-html": "^2.2.0"
      }
    },
    "node_modules/lit-html": {
      "version": "2.2.5",
      "resolved": "https://registry.npmmirror.com/lit-html/-/lit-html-2.2.5.tgz",
      "integrity": "sha512-e56Y9V+RNA+SGYsWP2DGb/wad5Ccd3xUZYjmcmbeZcnc0wP4zFQRXeXn7W3bbfBekmHDK2dOnuYNYkg0bQjh/w==",
      "dependencies": {
        "@types/trusted-types": "^2.0.2"
      }
    },
    "node_modules/qr-creator": {
      "version": "1.0.0",
      "resolved": "https://registry.npmmirror.com/qr-creator/-/qr-creator-1.0.0.tgz",
      "integrity": "sha512-C0cqfbS1P5hfqN4NhsYsUXePlk9BO+a45bAQ3xLYjBL3bOIFzoVEjs79Fado9u9BPBD3buHi3+vY+C8tHh4qMQ=="
    },
    "node_modules/simple-swizzle": {
      "version": "0.2.2",
      "resolved": "https://registry.npmmirror.com/simple-swizzle/-/simple-swizzle-0.2.2.tgz",
      "integrity": "sha512-JA//kQgZtbuY83m+xT+tXJkmJncGMTFT+C+g2h2R9uxkYIrE2yy9sgmcLhCnw57/WSD+Eh3J97FPEDFnbXnDUg==",
      "dependencies": {
        "is-arrayish": "^0.3.1"
      }
    }
  },
  "dependencies": {
    "@floating-ui/core": {
      "version": "0.5.1",
      "resolved": "https://registry.npmmirror.com/@floating-ui/core/-/core-0.5.1.tgz",
      "integrity": "sha512-LOFg65vdU4o4eZjVKNhu7VXbjdnY0amMw9sydLtKZiCNwj0eMD06rmktbWp9L/f6w6s9Qqe22lkks8PbwYwy4Q=="
    },
    "@floating-ui/dom": {
      "version": "0.3.1",
      "resolved": "https://registry.npmmirror.com/@floating-ui/dom/-/dom-0.3.1.tgz",
      "integrity": "sha512-HJX/2xgGPt01YHQNAya2taqg5HDnY6ipF0B0Bk/Th2s4FD9R89Ecw3TEegLLO+VrQnPEGbuHOGJ6Fr3BPM0DYg==",
      "requires": {
        "@floating-ui/core": "^0.5.0"
      }
    },
    "@lit-labs/react": {
      "version": "1.0.4",
      "resolved": "https://registry.npmmirror.com/@lit-labs/react/-/react-1.0.4.tgz",
      "integrity": "sha512-Sy4RCxTZpTE2TwByjVac6gC7jzr8bCQC6s9bJhhJDKos4ZlN2cqcuVz63n0mpSSr1zxFh+Z0o0VR223l36Y4Ag=="
    },
    "@lit/reactive-element": {
      "version": "1.3.2",
      "resolved": "https://registry.npmmirror.com/@lit/reactive-element/-/reactive-element-1.3.2.tgz",
      "integrity": "sha512-A2e18XzPMrIh35nhIdE4uoqRzoIpEU5vZYuQN4S3Ee1zkGdYC27DP12pewbw/RLgPHzaE4kx/YqxMzebOpm0dA=="
    },
    "@shoelace-style/animations": {
      "version": "1.1.0",
      "resolved": "https://registry.npmmirror.com/@shoelace-style/animations/-/animations-1.1.0.tgz",
      "integrity": "sha512-Be+cahtZyI2dPKRm8EZSx3YJQ+jLvEcn3xzRP7tM4tqBnvd/eW/64Xh0iOf0t2w5P8iJKfdBbpVNE9naCaOf2g=="
    },
    "@shoelace-style/localize": {
      "version": "2.1.3",
      "resolved": "https://registry.npmmirror.com/@shoelace-style/localize/-/localize-2.1.3.tgz",
      "integrity": "sha512-AY3uF1Dzg3sBK4nKxvZ2KAjsdFxhLfHVWUpXXjIPaR+rPp8fxBWoNVvnLiROOV/cLg/zdLcU+Nn/xJdqcbEuDw=="
    },
    "@shoelace-style/shoelace": {
      "version": "2.0.0-beta.73",
      "resolved": "https://registry.npmmirror.com/@shoelace-style/shoelace/-/shoelace-2.0.0-beta.73.tgz",
      "integrity": "sha512-sOKRy+uimJAQDc8DCA65YihGUSUf0YVUC80KbvEY8RZHtP4gPX/Bzw7v/RPEGNLlPEOXAcqMNlKoLFPTqDuKbg==",
      "requires": {
        "@floating-ui/dom": "^0.3.1",
        "@lit-labs/react": "^1.0.2",
        "@shoelace-style/animations": "^1.1.0",
        "@shoelace-style/localize": "^2.1.3",
        "color": "4.2",
        "lit": "^2.1.4",
        "qr-creator": "^1.0.0"
      }
    },
    "@types/trusted-types": {
      "version": "2.0.2",
      "resolved": "https://registry.npmmirror.com/@types/trusted-types/-/trusted-types-2.0.2.tgz",
      "integrity": "sha512-F5DIZ36YVLE+PN+Zwws4kJogq47hNgX3Nx6WyDJ3kcplxyke3XIzB8uK5n/Lpm1HBsbGzd6nmGehL8cPekP+Tg=="
    },
    "color": {
      "version": "4.2.3",
      "resolved": "https://registry.npmmirror.com/color/-/color-4.2.3.tgz",
      "integrity": "sha512-1rXeuUUiGGrykh+CeBdu5Ie7OJwinCgQY0bc7GCRxy5xVHy+moaqkpL/jqQq0MtQOeYcrqEz4abc5f0KtU7W4A==",
      "requires": {
        "color-convert": "^2.0.1",
        "color-string": "^1.9.0"
      }
    },
    "color-convert": {
      "version": "2.0.1",
      "resolved": "https://registry.npmmirror.com/color-convert/-/color-convert-2.0.1.tgz",
      "integrity": "sha512-RRECPsj7iu/xb5oKYcsFHSppFNnsj/52OVTRKb4zP5onXwVF3zVmmToNcOfGC+CRDpfK/U584fMg38ZHCaElKQ==",
      "requires": {
        "color-name": "~1.1.4"
      }
    },
    "color-name": {
      "version": "1.1.4",
      "resolved": "https://registry.npmmirror.com/color-name/-/color-name-1.1.4.tgz",
      "integrity": "sha512-dOy+3AuW3a2wNbZHIuMZpTcgjGuLU/uBL/ubcZF9OXbDo8ff4O8yVp5Bf0efS8uEoYo5q4Fx7dY9OgQGXgAsQA=="
    },
    "color-string": {
      "version": "1.9.1",
      "resolved": "https://registry.npmmirror.com/color-string/-/color-string-1.9.1.tgz",
      "integrity": "sha512-shrVawQFojnZv6xM40anx4CkoDP+fZsw/ZerEMsW/pyzsRbElpsL/DBVW7q3ExxwusdNXI3lXpuhEZkzs8p5Eg==",
      "requires": {
        "color-name": "^1.0.0",
        "simple-swizzle": "^0.2.2"
      }
    },
    "is-arrayish": {
      "version": "0.3.2",
      "resolved": "https://registry.npmmirror.com/is-arrayish/-/is-arrayish-0.3.2.tgz",
      "integrity": "sha512-eVRqCvVlZbuw3GrM63ovNSNAeA1K16kaR/LRY/92w0zxQ5/1YzwblUX652i4Xs9RwAGjW9d9y6X88t8OaAJfWQ=="
    },
    "lit": {
      "version": "2.2.5",
      "resolved": "https://registry.npmmirror.com/lit/-/lit-2.2.5.tgz",
      "integrity": "sha512-Ln463c0xJZfzVxBcHddNvFQQ8Z22NK7KgNmrzwFF1iESHUud412RRExzepj18wpTbusgwoTnOYuoTpo9uyNBaQ==",
      "requires": {
        "@lit/reactive-element": "^1.3.0",
        "lit-element": "^3.2.0",
        "lit-html": "^2.2.0"
      }
    },
    "lit-element": {
      "version": "3.2.0",
      "resolved": "https://registry.npmmirror.com/lit-element/-/lit-element-3.2.0.tgz",
      "integrity": "sha512-HbE7yt2SnUtg5DCrWt028oaU4D5F4k/1cntAFHTkzY8ZIa8N0Wmu92PxSxucsQSOXlODFrICkQ5x/tEshKi13g==",
      "requires": {
        "@lit/reactive-element": "^1.3.0",
        "lit-html": "^2.2.0"
      }
    },
    "lit-html": {
      "version": "2.2.5",
      "resolved": "https://registry.npmmirror.com/lit-html/-/lit-html-2.2.5.tgz",
      "integrity": "sha512-e56Y9V+RNA+SGYsWP2DGb/wad5Ccd3xUZYjmcmbeZcnc0wP4zFQRXeXn7W3bbfBekmHDK2dOnuYNYkg0bQjh/w==",
      "requires": {
        "@types/trusted-types": "^2.0.2"
      }
    },
    "qr-creator": {
      "version": "1.0.0",
      "resolved": "https://registry.npmmirror.com/qr-creator/-/qr-creator-1.0.0.tgz",
      "integrity": "sha512-C0cqfbS1P5hfqN4NhsYsUXePlk9BO+a45bAQ3xLYjBL3bOIFzoVEjs79Fado9u9BPBD3buHi3+vY+C8tHh4qMQ=="
    },
    "simple-swizzle": {
      "version": "0.2.2",
      "resolved": "https://registry.npmmirror.com/simple-swizzle/-/simple-swizzle-0.2.2.tgz",
      "integrity": "sha512-JA//kQgZtbuY83m+xT+tXJkmJncGMTFT+C+g2h2R9uxkYIrE2yy9sgmcLhCnw57/WSD+Eh3J97FPEDFnbXnDUg==",
      "requires": {
        "is-arrayish": "^0.3.1"
      }
    }
  }
}
